
Microsoft Visual Studio Solution File, Format Version 12.00
# Visual Studio Version 17
VisualStudioVersion = 17.8.34309.116
MinimumVisualStudioVersion = 10.0.40219.1
Project("{FAE04EC0-301F-11D3-BF4B-00C04F79EFBC}") = "Task1 Web Form", "Task1 Web Form\Task1 Web Form.csproj", "{450DE874-D3CA-4C2E-B9E5-86D75864EEA9}"
EndProject
Global
	GlobalSection(SolutionConfigurationPlatforms) = preSolution
		Debug|Any CPU = Debug|Any CPU
		Release|Any CPU = Release|Any CPU
	EndGlobalSection
	GlobalSection(ProjectConfigurationPlatforms) = postSolution
		{450DE874-D3CA-4C2E-B9E5-86D75864EEA9}.Debug|Any CPU.ActiveCfg = Debug|Any CPU
		{450DE874-D3CA-4C2E-B9E5-86D75864EEA9}.Debug|Any CPU.Build.0 = Debug|Any CPU
		{450DE874-D3CA-4C2E-B9E5-86D75864EEA9}.Release|Any CPU.ActiveCfg = Release|Any CPU
		{450DE874-D3CA-4C2E-B9E5-86D75864EEA9}.Release|Any CPU.Build.0 = Release|Any CPU
	EndGlobalSection
	GlobalSection(SolutionProperties) = preSolution
		HideSolutionNode = FALSE
	EndGlobalSection
	GlobalSection(ExtensibilityGlobals) = postSolution
		SolutionGuid = {7023F05F-72B3-4799-852A-5D99D159EEEE}
	EndGlobalSection
EndGlobal
